
Microsoft Visual Studio Solution File, Format Version 12.00
# Visual Studio Version 16
VisualStudioVersion = 16.0.30517.126
MinimumVisualStudioVersion = 10.0.40219.1
Project("{FAE04EC0-301F-11D3-BF4B-00C04F79EFBC}") = "ConnectedArchitectureEx", "ConnectedArchitectureEx\ConnectedArchitectureEx.csproj", "{84DC78B5-CD39-4A3D-A622-5F69CF00EF04}"
EndProject
Project("{FAE04EC0-301F-11D3-BF4B-00C04F79EFBC}") = "HWDay7", "HWDay7\HWDay7.csproj", "{B9937CA1-BCA3-4BFC-AA71-5E9ADF475A13}"
EndProject
Global
	GlobalSection(SolutionConfigurationPlatforms) = preSolution
		Debug|Any CPU = Debug|Any CPU
		Release|Any CPU = Release|Any CPU
	EndGlobalSection
	GlobalSection(ProjectConfigurationPlatforms) = postSolution
		{84DC78B5-CD39-4A3D-A622-5F69CF00EF04}.Debug|Any CPU.ActiveCfg = Debug|Any CPU
		{84DC78B5-CD39-4A3D-A622-5F69CF00EF04}.Debug|Any CPU.Build.0 = Debug|Any CPU
		{84DC78B5-CD39-4A3D-A622-5F69CF00EF04}.Release|Any CPU.ActiveCfg = Release|Any CPU
		{84DC78B5-CD39-4A3D-A622-5F69CF00EF04}.Release|Any CPU.Build.0 = Release|Any CPU
		{B9937CA1-BCA3-4BFC-AA71-5E9ADF475A13}.Debug|Any CPU.ActiveCfg = Debug|Any CPU
		{B9937CA1-BCA3-4BFC-AA71-5E9ADF475A13}.Debug|Any CPU.Build.0 = Debug|Any CPU
		{B9937CA1-BCA3-4BFC-AA71-5E9ADF475A13}.Release|Any CPU.ActiveCfg = Release|Any CPU
		{B9937CA1-BCA3-4BFC-AA71-5E9ADF475A13}.Release|Any CPU.Build.0 = Release|Any CPU
	EndGlobalSection
	GlobalSection(SolutionProperties) = preSolution
		HideSolutionNode = FALSE
	EndGlobalSection
	GlobalSection(ExtensibilityGlobals) = postSolution
		SolutionGuid = {5AD4FD70-2AF9-4745-85E0-0701FA581007}
	EndGlobalSection
EndGlobal
